
Microsoft Visual Studio Solution File, Format Version 12.00
# Visual Studio Version 17
VisualStudioVersion = 17.10.35013.160
MinimumVisualStudioVersion = 10.0.40219.1
Project("{9A19103F-16F7-4668-BE54-9A1E7A4F7556}") = "FD.BlazorWasmStarter", "FD.BlazorWasmStarter\FD.BlazorWasmStarter.csproj", "{F4FE273D-96A2-4F93-BE21-E37AD249D953}"
EndProject
Project("{FAE04EC0-301F-11D3-BF4B-00C04F79EFBC}") = "FD.Blazor.OpenAIStarter", "FD.Blazor.OpenAIStarter\FD.Blazor.OpenAIStarter.csproj", "{F1E2E6DA-154A-437E-B23E-F4CDA8B621AA}"
EndProject
Global
	GlobalSection(SolutionConfigurationPlatforms) = preSolution
		Debug|Any CPU = Debug|Any CPU
		Release|Any CPU = Release|Any CPU
	EndGlobalSection
	GlobalSection(ProjectConfigurationPlatforms) = postSolution
		{F4FE273D-96A2-4F93-BE21-E37AD249D953}.Debug|Any CPU.ActiveCfg = Debug|Any CPU
		{F4FE273D-96A2-4F93-BE21-E37AD249D953}.Debug|Any CPU.Build.0 = Debug|Any CPU
		{F4FE273D-96A2-4F93-BE21-E37AD249D953}.Release|Any CPU.ActiveCfg = Release|Any CPU
		{F4FE273D-96A2-4F93-BE21-E37AD249D953}.Release|Any CPU.Build.0 = Release|Any CPU
		{F1E2E6DA-154A-437E-B23E-F4CDA8B621AA}.Debug|Any CPU.ActiveCfg = Debug|Any CPU
		{F1E2E6DA-154A-437E-B23E-F4CDA8B621AA}.Debug|Any CPU.Build.0 = Debug|Any CPU
		{F1E2E6DA-154A-437E-B23E-F4CDA8B621AA}.Release|Any CPU.ActiveCfg = Release|Any CPU
		{F1E2E6DA-154A-437E-B23E-F4CDA8B621AA}.Release|Any CPU.Build.0 = Release|Any CPU
	EndGlobalSection
	GlobalSection(SolutionProperties) = preSolution
		HideSolutionNode = FALSE
	EndGlobalSection
	GlobalSection(ExtensibilityGlobals) = postSolution
		SolutionGuid = {B8F01296-4F1A-43C5-B303-ECEF033E34D2}
	EndGlobalSection
EndGlobal
