
Microsoft Visual Studio Solution File, Format Version 12.00
# Visual Studio Version 17
VisualStudioVersion = 17.10.35013.160
MinimumVisualStudioVersion = 10.0.40219.1
Project("{9A19103F-16F7-4668-BE54-9A1E7A4F7556}") = "FD.BlazorWasmStarter", "FD.BlazorWasmStarter\FD.BlazorWasmStarter.csproj", "{F4FE273D-96A2-4F93-BE21-E37AD249D953}"
EndProject
Project("{9A19103F-16F7-4668-BE54-9A1E7A4F7556}") = "FD.Blazor.OpenAIStarter", "FD.Blazor.OpenAIStarter\FD.Blazor.OpenAIStarter.csproj", "{F1E2E6DA-154A-437E-B23E-F4CDA8B621AA}"
EndProject
Project("{9A19103F-16F7-4668-BE54-9A1E7A4F7556}") = "FD.BlazorGiftSuggestionApp", "FD.BlazorGiftSuggestionApp\FD.BlazorGiftSuggestionApp.csproj", "{FD11D9D0-6EB3-4A82-B765-B00DD1E3376E}"
EndProject
Project("{2150E333-8FDC-42A3-9474-1A3956D46DE8}") = "VideoTranscriberApp", "VideoTranscriberApp", "{87E6E08D-78AC-4E8C-8C8E-E45E996064BE}"
EndProject
Project("{9A19103F-16F7-4668-BE54-9A1E7A4F7556}") = "FD.VideoTranscriberApp.ConsoleClient", "FD.VideoTranscriberApp.ConsoleClient\FD.VideoTranscriberApp.ConsoleClient.csproj", "{F2173080-8226-4D00-B65D-48B69EED690E}"
EndProject
Project("{9A19103F-16F7-4668-BE54-9A1E7A4F7556}") = "FD.VideoTranscriberApp.BlazorUI", "FD.VideoTranscriberApp.BlazorUI\FD.VideoTranscriberApp.BlazorUI\FD.VideoTranscriberApp.BlazorUI.csproj", "{78745E4A-CEF3-4C4E-AF81-12CE374CC4FE}"
EndProject
Project("{9A19103F-16F7-4668-BE54-9A1E7A4F7556}") = "FD.VideoTranscriberApp.BlazorUI.Client", "FD.VideoTranscriberApp.BlazorUI\FD.VideoTranscriberApp.BlazorUI.Client\FD.VideoTranscriberApp.BlazorUI.Client.csproj", "{6C52598F-95F5-4AA9-A918-7242B54F3FC5}"
EndProject
Global
	GlobalSection(SolutionConfigurationPlatforms) = preSolution
		Debug|Any CPU = Debug|Any CPU
		Release|Any CPU = Release|Any CPU
	EndGlobalSection
	GlobalSection(ProjectConfigurationPlatforms) = postSolution
		{F4FE273D-96A2-4F93-BE21-E37AD249D953}.Debug|Any CPU.ActiveCfg = Debug|Any CPU
		{F4FE273D-96A2-4F93-BE21-E37AD249D953}.Debug|Any CPU.Build.0 = Debug|Any CPU
		{F4FE273D-96A2-4F93-BE21-E37AD249D953}.Release|Any CPU.ActiveCfg = Release|Any CPU
		{F4FE273D-96A2-4F93-BE21-E37AD249D953}.Release|Any CPU.Build.0 = Release|Any CPU
		{F1E2E6DA-154A-437E-B23E-F4CDA8B621AA}.Debug|Any CPU.ActiveCfg = Debug|Any CPU
		{F1E2E6DA-154A-437E-B23E-F4CDA8B621AA}.Debug|Any CPU.Build.0 = Debug|Any CPU
		{F1E2E6DA-154A-437E-B23E-F4CDA8B621AA}.Release|Any CPU.ActiveCfg = Release|Any CPU
		{F1E2E6DA-154A-437E-B23E-F4CDA8B621AA}.Release|Any CPU.Build.0 = Release|Any CPU
		{FD11D9D0-6EB3-4A82-B765-B00DD1E3376E}.Debug|Any CPU.ActiveCfg = Debug|Any CPU
		{FD11D9D0-6EB3-4A82-B765-B00DD1E3376E}.Debug|Any CPU.Build.0 = Debug|Any CPU
		{FD11D9D0-6EB3-4A82-B765-B00DD1E3376E}.Release|Any CPU.ActiveCfg = Release|Any CPU
		{FD11D9D0-6EB3-4A82-B765-B00DD1E3376E}.Release|Any CPU.Build.0 = Release|Any CPU
		{F2173080-8226-4D00-B65D-48B69EED690E}.Debug|Any CPU.ActiveCfg = Debug|Any CPU
		{F2173080-8226-4D00-B65D-48B69EED690E}.Debug|Any CPU.Build.0 = Debug|Any CPU
		{F2173080-8226-4D00-B65D-48B69EED690E}.Release|Any CPU.ActiveCfg = Release|Any CPU
		{F2173080-8226-4D00-B65D-48B69EED690E}.Release|Any CPU.Build.0 = Release|Any CPU
		{78745E4A-CEF3-4C4E-AF81-12CE374CC4FE}.Debug|Any CPU.ActiveCfg = Debug|Any CPU
		{78745E4A-CEF3-4C4E-AF81-12CE374CC4FE}.Debug|Any CPU.Build.0 = Debug|Any CPU
		{78745E4A-CEF3-4C4E-AF81-12CE374CC4FE}.Release|Any CPU.ActiveCfg = Release|Any CPU
		{78745E4A-CEF3-4C4E-AF81-12CE374CC4FE}.Release|Any CPU.Build.0 = Release|Any CPU
		{6C52598F-95F5-4AA9-A918-7242B54F3FC5}.Debug|Any CPU.ActiveCfg = Debug|Any CPU
		{6C52598F-95F5-4AA9-A918-7242B54F3FC5}.Debug|Any CPU.Build.0 = Debug|Any CPU
		{6C52598F-95F5-4AA9-A918-7242B54F3FC5}.Release|Any CPU.ActiveCfg = Release|Any CPU
		{6C52598F-95F5-4AA9-A918-7242B54F3FC5}.Release|Any CPU.Build.0 = Release|Any CPU
	EndGlobalSection
	GlobalSection(SolutionProperties) = preSolution
		HideSolutionNode = FALSE
	EndGlobalSection
	GlobalSection(NestedProjects) = preSolution
		{F2173080-8226-4D00-B65D-48B69EED690E} = {87E6E08D-78AC-4E8C-8C8E-E45E996064BE}
		{78745E4A-CEF3-4C4E-AF81-12CE374CC4FE} = {87E6E08D-78AC-4E8C-8C8E-E45E996064BE}
		{6C52598F-95F5-4AA9-A918-7242B54F3FC5} = {87E6E08D-78AC-4E8C-8C8E-E45E996064BE}
	EndGlobalSection
	GlobalSection(ExtensibilityGlobals) = postSolution
		SolutionGuid = {B8F01296-4F1A-43C5-B303-ECEF033E34D2}
	EndGlobalSection
EndGlobal
